
Microsoft Visual Studio Solution File, Format Version 12.00
# Visual Studio Version 16
VisualStudioVersion = 16.0.30225.117
MinimumVisualStudioVersion = 10.0.40219.1
Project("{FAE04EC0-301F-11D3-BF4B-00C04F79EFBC}") = "An-zhen-fell-in-love-with-ah-Qiang", "An-zhen-fell-in-love-with-ah-Qiang.csproj", "{A25771B9-F9C8-43FD-AC07-E505480FDCEF}"
EndProject
Global
	GlobalSection(SolutionConfigurationPlatforms) = preSolution
		Debug|Any CPU = Debug|Any CPU
		Release|Any CPU = Release|Any CPU
	EndGlobalSection
	GlobalSection(ProjectConfigurationPlatforms) = postSolution
		{A25771B9-F9C8-43FD-AC07-E505480FDCEF}.Debug|Any CPU.ActiveCfg = Debug|Any CPU
		{A25771B9-F9C8-43FD-AC07-E505480FDCEF}.Debug|Any CPU.Build.0 = Debug|Any CPU
		{A25771B9-F9C8-43FD-AC07-E505480FDCEF}.Release|Any CPU.ActiveCfg = Release|Any CPU
		{A25771B9-F9C8-43FD-AC07-E505480FDCEF}.Release|Any CPU.Build.0 = Release|Any CPU
	EndGlobalSection
	GlobalSection(SolutionProperties) = preSolution
		HideSolutionNode = FALSE
	EndGlobalSection
	GlobalSection(ExtensibilityGlobals) = postSolution
		SolutionGuid = {2154FF77-E862-457E-B0AF-0942C2E6ABC6}
	EndGlobalSection
EndGlobal
